// !$*UTF8*$!
{
	archiveVersion = 1;
	classes = {
	};
	objectVersion = 50;
	objects = {

/* Begin PBXBuildFile section */
		28CE0BB2246D9FF500E6E028 /* AppDelegate.swift in Sources */ = {isa = PBXBuildFile; fileRef = 28CE0BB1246D9FF500E6E028 /* AppDelegate.swift */; };
		28CE0BB4246D9FF500E6E028 /* SceneDelegate.swift in Sources */ = {isa = PBXBuildFile; fileRef = 28CE0BB3246D9FF500E6E028 /* SceneDelegate.swift */; };
		28CE0BB6246D9FF500E6E028 /* ViewController.swift in Sources */ = {isa = PBXBuildFile; fileRef = 28CE0BB5246D9FF500E6E028 /* ViewController.swift */; };
		28CE0BB9246D9FF500E6E028 /* Main.storyboard in Resources */ = {isa = PBXBuildFile; fileRef = 28CE0BB7246D9FF500E6E028 /* Main.storyboard */; };
		28CE0BBB246D9FF800E6E028 /* Assets.xcassets in Resources */ = {isa = PBXBuildFile; fileRef = 28CE0BBA246D9FF800E6E028 /* Assets.xcassets */; };
		28CE0BBE246D9FF800E6E028 /* LaunchScreen.storyboard in Resources */ = {isa = PBXBuildFile; fileRef = 28CE0BBC246D9FF800E6E028 /* LaunchScreen.storyboard */; };
		28DDFD1A24A73B8D00B3687E /* SentMemesCollectionViewController.swift in Sources */ = {isa = PBXBuildFile; fileRef = 28DDFD1924A73B8D00B3687E /* SentMemesCollectionViewController.swift */; };
		28DDFD1C24A73FB400B3687E /* Meme.swift in Sources */ = {isa = PBXBuildFile; fileRef = 28DDFD1B24A73FB400B3687E /* Meme.swift */; };
		28DDFD1E24A7411400B3687E /* SentMemesCollectionViewCell.swift in Sources */ = {isa = PBXBuildFile; fileRef = 28DDFD1D24A7411400B3687E /* SentMemesCollectionViewCell.swift */; };
		28DDFD2024A7458A00B3687E /* MemeDetailViewController.swift in Sources */ = {isa = PBXBuildFile; fileRef = 28DDFD1F24A7458A00B3687E /* MemeDetailViewController.swift */; };
		28DDFD2224A747B400B3687E /* SentMemesTableViewController.swift in Sources */ = {isa = PBXBuildFile; fileRef = 28DDFD2124A747B400B3687E /* SentMemesTableViewController.swift */; };
		28E545072473084F008B4CDE /* Impacted.ttf in Resources */ = {isa = PBXBuildFile; fileRef = 28E545032473084F008B4CDE /* Impacted.ttf */; };
		28E545082473084F008B4CDE /* impact.ttf in Resources */ = {isa = PBXBuildFile; fileRef = 28E545042473084F008B4CDE /* impact.ttf */; };
		28E545092473084F008B4CDE /* unicode.impact.ttf in Resources */ = {isa = PBXBuildFile; fileRef = 28E545052473084F008B4CDE /* unicode.impact.ttf */; };
		28E5450A2473084F008B4CDE /* sharefonts.net.txt in Resources */ = {isa = PBXBuildFile; fileRef = 28E545062473084F008B4CDE /* sharefonts.net.txt */; };
/* End PBXBuildFile section */

/* Begin PBXFileReference section */
		28CE0BAE246D9FF500E6E028 /* MemeImagePicker.app */ = {isa = PBXFileReference; explicitFileType = wrapper.application; includeInIndex = 0; path = MemeImagePicker.app; sourceTree = BUILT_PRODUCTS_DIR; };
		28CE0BB1246D9FF500E6E028 /* AppDelegate.swift */ = {isa = PBXFileReference; lastKnownFileType = sourcecode.swift; path = AppDelegate.swift; sourceTree = "<group>"; };
		28CE0BB3246D9FF500E6E028 /* SceneDelegate.swift */ = {isa = PBXFileReference; lastKnownFileType = sourcecode.swift; path = SceneDelegate.swift; sourceTree = "<group>"; };
		28CE0BB5246D9FF500E6E028 /* ViewController.swift */ = {isa = PBXFileReference; lastKnownFileType = sourcecode.swift; path = ViewController.swift; sourceTree = "<group>"; };
		28CE0BB8246D9FF500E6E028 /* Base */ = {isa = PBXFileReference; lastKnownFileType = file.storyboard; name = Base; path = Base.lproj/Main.storyboard; sourceTree = "<group>"; };
		28CE0BBA246D9FF800E6E028 /* Assets.xcassets */ = {isa = PBXFileReference; lastKnownFileType = folder.assetcatalog; path = Assets.xcassets; sourceTree = "<group>"; };
		28CE0BBD246D9FF800E6E028 /* Base */ = {isa = PBXFileReference; lastKnownFileType = file.storyboard; name = Base; path = Base.lproj/LaunchScreen.storyboard; sourceTree = "<group>"; };
		28CE0BBF246D9FF800E6E028 /* Info.plist */ = {isa = PBXFileReference; lastKnownFileType = text.plist.xml; path = Info.plist; sourceTree = "<group>"; };
		28DDFD1924A73B8D00B3687E /* SentMemesCollectionViewController.swift */ = {isa = PBXFileReference; lastKnownFileType = sourcecode.swift; path = SentMemesCollectionViewController.swift; sourceTree = "<group>"; };
		28DDFD1B24A73FB400B3687E /* Meme.swift */ = {isa = PBXFileReference; lastKnownFileType = sourcecode.swift; path = Meme.swift; sourceTree = "<group>"; };
		28DDFD1D24A7411400B3687E /* SentMemesCollectionViewCell.swift */ = {isa = PBXFileReference; lastKnownFileType = sourcecode.swift; path = SentMemesCollectionViewCell.swift; sourceTree = "<group>"; };
		28DDFD1F24A7458A00B3687E /* MemeDetailViewController.swift */ = {isa = PBXFileReference; lastKnownFileType = sourcecode.swift; path = MemeDetailViewController.swift; sourceTree = "<group>"; };
		28DDFD2124A747B400B3687E /* SentMemesTableViewController.swift */ = {isa = PBXFileReference; lastKnownFileType = sourcecode.swift; path = SentMemesTableViewController.swift; sourceTree = "<group>"; };
		28E545032473084F008B4CDE /* Impacted.ttf */ = {isa = PBXFileReference; lastKnownFileType = file; path = Impacted.ttf; sourceTree = "<group>"; };
		28E545042473084F008B4CDE /* impact.ttf */ = {isa = PBXFileReference; lastKnownFileType = file; path = impact.ttf; sourceTree = "<group>"; };
		28E545052473084F008B4CDE /* unicode.impact.ttf */ = {isa = PBXFileReference; lastKnownFileType = file; path = unicode.impact.ttf; sourceTree = "<group>"; };
		28E545062473084F008B4CDE /* sharefonts.net.txt */ = {isa = PBXFileReference; fileEncoding = 4; lastKnownFileType = text; path = sharefonts.net.txt; sourceTree = "<group>"; };
/* End PBXFileReference section */

/* Begin PBXFrameworksBuildPhase section */
		28CE0BAB246D9FF500E6E028 /* Frameworks */ = {
			isa = PBXFrameworksBuildPhase;
			buildActionMask = 2147483647;
			files = (
			);
			runOnlyForDeploymentPostprocessing = 0;
		};
/* End PBXFrameworksBuildPhase section */

/* Begin PBXGroup section */
		28CE0BA5246D9FF500E6E028 = {
			isa = PBXGroup;
			children = (
				28CE0BB0246D9FF500E6E028 /* MemeImagePicker */,
				28CE0BAF246D9FF500E6E028 /* Products */,
			);
			sourceTree = "<group>";
		};
		28CE0BAF246D9FF500E6E028 /* Products */ = {
			isa = PBXGroup;
			children = (
				28CE0BAE246D9FF500E6E028 /* MemeImagePicker.app */,
			);
			name = Products;
			sourceTree = "<group>";
		};
		28CE0BB0246D9FF500E6E028 /* MemeImagePicker */ = {
			isa = PBXGroup;
			children = (
				28CE0BB1246D9FF500E6E028 /* AppDelegate.swift */,
				28CE0BB3246D9FF500E6E028 /* SceneDelegate.swift */,
				28CE0BB5246D9FF500E6E028 /* ViewController.swift */,
				28DDFD2124A747B400B3687E /* SentMemesTableViewController.swift */,
				28CE0BB7246D9FF500E6E028 /* Main.storyboard */,
				28DDFD1F24A7458A00B3687E /* MemeDetailViewController.swift */,
				28DDFD1D24A7411400B3687E /* SentMemesCollectionViewCell.swift */,
				28DDFD1924A73B8D00B3687E /* SentMemesCollectionViewController.swift */,
				28DDFD1B24A73FB400B3687E /* Meme.swift */,
				28CE0BBA246D9FF800E6E028 /* Assets.xcassets */,
				28CE0BBC246D9FF800E6E028 /* LaunchScreen.storyboard */,
				28CE0BBF246D9FF800E6E028 /* Info.plist */,
				28E545042473084F008B4CDE /* impact.ttf */,
				28E545032473084F008B4CDE /* Impacted.ttf */,
				28E545062473084F008B4CDE /* sharefonts.net.txt */,
				28E545052473084F008B4CDE /* unicode.impact.ttf */,
			);
			path = MemeImagePicker;
			sourceTree = "<group>";
		};
/* End PBXGroup section */

/* Begin PBXNativeTarget section */
		28CE0BAD246D9FF500E6E028 /* MemeImagePicker */ = {
			isa = PBXNativeTarget;
			buildConfigurationList = 28CE0BC2246D9FF800E6E028 /* Build configuration list for PBXNativeTarget "MemeImagePicker" */;
			buildPhases = (
				28CE0BAA246D9FF500E6E028 /* Sources */,
				28CE0BAB246D9FF500E6E028 /* Frameworks */,
				28CE0BAC246D9FF500E6E028 /* Resources */,
			);
			buildRules = (
			);
			dependencies = (
			);
			name = MemeImagePicker;
			productName = MemeImagePicker;
			productReference = 28CE0BAE246D9FF500E6E028 /* MemeImagePicker.app */;
			productType = "com.apple.product-type.application";
		};
/* End PBXNativeTarget section */

/* Begin PBXProject section */
		28CE0BA6246D9FF500E6E028 /* Project object */ = {
			isa = PBXProject;
			attributes = {
				LastSwiftUpdateCheck = 1140;
				LastUpgradeCheck = 1140;
				ORGANIZATIONNAME = Makinwa;
				TargetAttributes = {
					28CE0BAD246D9FF500E6E028 = {
						CreatedOnToolsVersion = 11.4.1;
					};
				};
			};
			buildConfigurationList = 28CE0BA9246D9FF500E6E028 /* Build configuration list for PBXProject "MemeImagePicker" */;
			compatibilityVersion = "Xcode 9.3";
			developmentRegion = en;
			hasScannedForEncodings = 0;
			knownRegions = (
				en,
				Base,
			);
			mainGroup = 28CE0BA5246D9FF500E6E028;
			productRefGroup = 28CE0BAF246D9FF500E6E028 /* Products */;
			projectDirPath = "";
			projectRoot = "";
			targets = (
				28CE0BAD246D9FF500E6E028 /* MemeImagePicker */,
			);
		};
/* End PBXProject section */

/* Begin PBXResourcesBuildPhase section */
		28CE0BAC246D9FF500E6E028 /* Resources */ = {
			isa = PBXResourcesBuildPhase;
			buildActionMask = 2147483647;
			files = (
				28E5450A2473084F008B4CDE /* sharefonts.net.txt in Resources */,
				28E545082473084F008B4CDE /* impact.ttf in Resources */,
				28CE0BBE246D9FF800E6E028 /* LaunchScreen.storyboard in Resources */,
				28CE0BBB246D9FF800E6E028 /* Assets.xcassets in Resources */,
				28CE0BB9246D9FF500E6E028 /* Main.storyboard in Resources */,
				28E545072473084F008B4CDE /* Impacted.ttf in Resources */,
				28E545092473084F008B4CDE /* unicode.impact.ttf in Resources */,
			);
			runOnlyForDeploymentPostprocessing = 0;
		};
/* End PBXResourcesBuildPhase section */

/* Begin PBXSourcesBuildPhase section */
		28CE0BAA246D9FF500E6E028 /* Sources */ = {
			isa = PBXSourcesBuildPhase;
			buildActionMask = 2147483647;
			files = (
				28CE0BB6246D9FF500E6E028 /* ViewController.swift in Sources */,
				28DDFD2224A747B400B3687E /* SentMemesTableViewController.swift in Sources */,
				28CE0BB2246D9FF500E6E028 /* AppDelegate.swift in Sources */,
				28DDFD1A24A73B8D00B3687E /* SentMemesCollectionViewController.swift in Sources */,
				28CE0BB4246D9FF500E6E028 /* SceneDelegate.swift in Sources */,
				28DDFD2024A7458A00B3687E /* MemeDetailViewController.swift in Sources */,
				28DDFD1E24A7411400B3687E /* SentMemesCollectionViewCell.swift in Sources */,
				28DDFD1C24A73FB400B3687E /* Meme.swift in Sources */,
			);
			runOnlyForDeploymentPostprocessing = 0;
		};
/* End PBXSourcesBuildPhase section */

/* Begin PBXVariantGroup section */
		28CE0BB7246D9FF500E6E028 /* Main.storyboard */ = {
			isa = PBXVariantGroup;
			children = (
				28CE0BB8246D9FF500E6E028 /* Base */,
			);
			name = Main.storyboard;
			sourceTree = "<group>";
		};
		28CE0BBC246D9FF800E6E028 /* LaunchScreen.storyboard */ = {
			isa = PBXVariantGroup;
			children = (
				28CE0BBD246D9FF800E6E028 /* Base */,
			);
			name = LaunchScreen.storyboard;
			sourceTree = "<group>";
		};
/* End PBXVariantGroup section */

/* Begin XCBuildConfiguration section */
		28CE0BC0246D9FF800E6E028 /* Debug */ = {
			isa = XCBuildConfiguration;
			buildSettings = {
				ALWAYS_SEARCH_USER_PATHS = NO;
				CLANG_ANALYZER_NONNULL = YES;
				CLANG_ANALYZER_NUMBER_OBJECT_CONVERSION = YES_AGGRESSIVE;
				CLANG_CXX_LANGUAGE_STANDARD = "gnu++14";
				CLANG_CXX_LIBRARY = "libc++";
				CLANG_ENABLE_MODULES = YES;
				CLANG_ENABLE_OBJC_ARC = YES;
				CLANG_ENABLE_OBJC_WEAK = YES;
				CLANG_WARN_BLOCK_CAPTURE_AUTORELEASING = YES;
				CLANG_WARN_BOOL_CONVERSION = YES;
				CLANG_WARN_COMMA = YES;
				CLANG_WARN_CONSTANT_CONVERSION = YES;
				CLANG_WARN_DEPRECATED_OBJC_IMPLEMENTATIONS = YES;
				CLANG_WARN_DIRECT_OBJC_ISA_USAGE = YES_ERROR;
				CLANG_WARN_DOCUMENTATION_COMMENTS = YES;
				CLANG_WARN_EMPTY_BODY = YES;
				CLANG_WARN_ENUM_CONVERSION = YES;
				CLANG_WARN_INFINITE_RECURSION = YES;
				CLANG_WARN_INT_CONVERSION = YES;
				CLANG_WARN_NON_LITERAL_NULL_CONVERSION = YES;
				CLANG_WARN_OBJC_IMPLICIT_RETAIN_SELF = YES;
				CLANG_WARN_OBJC_LITERAL_CONVERSION = YES;
				CLANG_WARN_OBJC_ROOT_CLASS = YES_ERROR;
				CLANG_WARN_RANGE_LOOP_ANALYSIS = YES;
				CLANG_WARN_STRICT_PROTOTYPES = YES;
				CLANG_WARN_SUSPICIOUS_MOVE = YES;
				CLANG_WARN_UNGUARDED_AVAILABILITY = YES_AGGRESSIVE;
				CLANG_WARN_UNREACHABLE_CODE = YES;
				CLANG_WARN__DUPLICATE_METHOD_MATCH = YES;
				COPY_PHASE_STRIP = NO;
				DEBUG_INFORMATION_FORMAT = dwarf;
				ENABLE_STRICT_OBJC_MSGSEND = YES;
				ENABLE_TESTABILITY = YES;
				GCC_C_LANGUAGE_STANDARD = gnu11;
				GCC_DYNAMIC_NO_PIC = NO;
				GCC_NO_COMMON_BLOCKS = YES;
				GCC_OPTIMIZATION_LEVEL = 0;
				GCC_PREPROCESSOR_DEFINITIONS = (
					"DEBUG=1",
					"$(inherited)",
				);
				GCC_WARN_64_TO_32_BIT_CONVERSION = YES;
				GCC_WARN_ABOUT_RETURN_TYPE = YES_ERROR;
				GCC_WARN_UNDECLARED_SELECTOR = YES;
				GCC_WARN_UNINITIALIZED_AUTOS = YES_AGGRESSIVE;
				GCC_WARN_UNUSED_FUNCTION = YES;
				GCC_WARN_UNUSED_VARIABLE = YES;
				IPHONEOS_DEPLOYMENT_TARGET = 13.4;
				MTL_ENABLE_DEBUG_INFO = INCLUDE_SOURCE;
				MTL_FAST_MATH = YES;
				ONLY_ACTIVE_ARCH = YES;
				SDKROOT = iphoneos;
				SWIFT_ACTIVE_COMPILATION_CONDITIONS = DEBUG;
				SWIFT_OPTIMIZATION_LEVEL = "-Onone";
			};
			name = Debug;
		};
		28CE0BC1246D9FF800E6E028 /* Release */ = {
			isa = XCBuildConfiguration;
			buildSettings = {
				ALWAYS_SEARCH_USER_PATHS = NO;
				CLANG_ANALYZER_NONNULL = YES;
				CLANG_ANALYZER_NUMBER_OBJECT_CONVERSION = YES_AGGRESSIVE;
				CLANG_CXX_LANGUAGE_STANDARD = "gnu++14";
				CLANG_CXX_LIBRARY = "libc++";
				CLANG_ENABLE_MODULES = YES;
				CLANG_ENABLE_OBJC_ARC = YES;
				CLANG_ENABLE_OBJC_WEAK = YES;
				CLANG_WARN_BLOCK_CAPTURE_AUTORELEASING = YES;
				CLANG_WARN_BOOL_CONVERSION = YES;
				CLANG_WARN_COMMA = YES;
				CLANG_WARN_CONSTANT_CONVERSION = YES;
				CLANG_WARN_DEPRECATED_OBJC_IMPLEMENTATIONS = YES;
				CLANG_WARN_DIRECT_OBJC_ISA_USAGE = YES_ERROR;
				CLANG_WARN_DOCUMENTATION_COMMENTS = YES;
				CLANG_WARN_EMPTY_BODY = YES;
				CLANG_WARN_ENUM_CONVERSION = YES;
				CLANG_WARN_INFINITE_RECURSION = YES;
				CLANG_WARN_INT_CONVERSION = YES;
				CLANG_WARN_NON_LITERAL_NULL_CONVERSION = YES;
				CLANG_WARN_OBJC_IMPLICIT_RETAIN_SELF = YES;
				CLANG_WARN_OBJC_LITERAL_CONVERSION = YES;
				CLANG_WARN_OBJC_ROOT_CLASS = YES_ERROR;
				CLANG_WARN_RANGE_LOOP_ANALYSIS = YES;
				CLANG_WARN_STRICT_PROTOTYPES = YES;
				CLANG_WARN_SUSPICIOUS_MOVE = YES;
				CLANG_WARN_UNGUARDED_AVAILABILITY = YES_AGGRESSIVE;
				CLANG_WARN_UNREACHABLE_CODE = YES;
				CLANG_WARN__DUPLICATE_METHOD_MATCH = YES;
				COPY_PHASE_STRIP = NO;
				DEBUG_INFORMATION_FORMAT = "dwarf-with-dsym";
				ENABLE_NS_ASSERTIONS = NO;
				ENABLE_STRICT_OBJC_MSGSEND = YES;
				GCC_C_LANGUAGE_STANDARD = gnu11;
				GCC_NO_COMMON_BLOCKS = YES;
				GCC_WARN_64_TO_32_BIT_CONVERSION = YES;
				GCC_WARN_ABOUT_RETURN_TYPE = YES_ERROR;
				GCC_WARN_UNDECLARED_SELECTOR = YES;
				GCC_WARN_UNINITIALIZED_AUTOS = YES_AGGRESSIVE;
				GCC_WARN_UNUSED_FUNCTION = YES;
				GCC_WARN_UNUSED_VARIABLE = YES;
				IPHONEOS_DEPLOYMENT_TARGET = 13.4;
				MTL_ENABLE_DEBUG_INFO = NO;
				MTL_FAST_MATH = YES;
				SDKROOT = iphoneos;
				SWIFT_COMPILATION_MODE = wholemodule;
				SWIFT_OPTIMIZATION_LEVEL = "-O";
				VALIDATE_PRODUCT = YES;
			};
			name = Release;
		};
		28CE0BC3246D9FF800E6E028 /* Debug */ = {
			isa = XCBuildConfiguration;
			buildSettings = {
				ASSETCATALOG_COMPILER_APPICON_NAME = AppIcon;
				CODE_SIGN_STYLE = Automatic;
				DEVELOPMENT_TEAM = 9C8JP7A9SD;
				INFOPLIST_FILE = MemeImagePicker/Info.plist;
				LD_RUNPATH_SEARCH_PATHS = (
					"$(inherited)",
					"@executable_path/Frameworks",
				);
				PRODUCT_BUNDLE_IDENTIFIER = com.Makinwa.MemeImagePicker;
				PRODUCT_NAME = "$(TARGET_NAME)";
				SWIFT_VERSION = 5.0;
				TARGETED_DEVICE_FAMILY = "1,2";
			};
			name = Debug;
		};
		28CE0BC4246D9FF800E6E028 /* Release */ = {
			isa = XCBuildConfiguration;
			buildSettings = {
				ASSETCATALOG_COMPILER_APPICON_NAME = AppIcon;
				CODE_SIGN_STYLE = Automatic;
				DEVELOPMENT_TEAM = 9C8JP7A9SD;
				INFOPLIST_FILE = MemeImagePicker/Info.plist;
				LD_RUNPATH_SEARCH_PATHS = (
					"$(inherited)",
					"@executable_path/Frameworks",
				);
				PRODUCT_BUNDLE_IDENTIFIER = com.Makinwa.MemeImagePicker;
				PRODUCT_NAME = "$(TARGET_NAME)";
				SWIFT_VERSION = 5.0;
				TARGETED_DEVICE_FAMILY = "1,2";
			};
			name = Release;
		};
/* End XCBuildConfiguration section */

/* Begin XCConfigurationList section */
		28CE0BA9246D9FF500E6E028 /* Build configuration list for PBXProject "MemeImagePicker" */ = {
			isa = XCConfigurationList;
			buildConfigurations = (
				28CE0BC0246D9FF800E6E028 /* Debug */,
				28CE0BC1246D9FF800E6E028 /* Release */,
			);
			defaultConfigurationIsVisible = 0;
			defaultConfigurationName = Release;
		};
		28CE0BC2246D9FF800E6E028 /* Build configuration list for PBXNativeTarget "MemeImagePicker" */ = {
			isa = XCConfigurationList;
			buildConfigurations = (
				28CE0BC3246D9FF800E6E028 /* Debug */,
				28CE0BC4246D9FF800E6E028 /* Release */,
			);
			defaultConfigurationIsVisible = 0;
			defaultConfigurationName = Release;
		};
/* End XCConfigurationList section */
	};
	rootObject = 28CE0BA6246D9FF500E6E028 /* Project object */;
}
